
Microsoft Visual Studio Solution File, Format Version 12.00
# Visual Studio 15
Project("{FAE04EC0-301F-11D3-BF4B-00C04F79EFBC}") = "UnityEngine.UI", "UnityEngine.UI.csproj", "{509CDCC7-0837-9BBC-9A08-C41EB532CA26}"
EndProject
Project("{FAE04EC0-301F-11D3-BF4B-00C04F79EFBC}") = "UnityEngine.TestRunner", "UnityEngine.TestRunner.csproj", "{F92C887B-2452-F1C9-5C5A-4724E94D68C1}"
EndProject
Project("{FAE04EC0-301F-11D3-BF4B-00C04F79EFBC}") = "Unity.VisualScripting.Flow", "Unity.VisualScripting.Flow.csproj", "{9E24A280-CD96-7749-8F44-BE3759D167FB}"
EndProject
Project("{FAE04EC0-301F-11D3-BF4B-00C04F79EFBC}") = "Unity.Mathematics", "Unity.Mathematics.csproj", "{E89A2244-8BD1-3252-B044-E367A8F4F043}"
EndProject
Project("{FAE04EC0-301F-11D3-BF4B-00C04F79EFBC}") = "Unity.VisualScripting.State", "Unity.VisualScripting.State.csproj", "{1800D241-688B-60B6-9D92-1AE8F91A3CE0}"
EndProject
Project("{FAE04EC0-301F-11D3-BF4B-00C04F79EFBC}") = "Unity.VisualScripting.Core", "Unity.VisualScripting.Core.csproj", "{DF1EB64E-BEED-E7F7-C2C3-484AF142CFC0}"
EndProject
Project("{FAE04EC0-301F-11D3-BF4B-00C04F79EFBC}") = "Unity.Burst", "Unity.Burst.csproj", "{3097AB18-6205-D15C-E3FF-C3EB4FEF2A29}"
EndProject
Project("{FAE04EC0-301F-11D3-BF4B-00C04F79EFBC}") = "Unity.2D.Animation.Runtime", "Unity.2D.Animation.Runtime.csproj", "{9CF6A43E-0207-7786-5C59-13C3E3DFBA3E}"
EndProject
Project("{FAE04EC0-301F-11D3-BF4B-00C04F79EFBC}") = "Unity.TextMeshPro", "Unity.TextMeshPro.csproj", "{B7AF27A0-7F5C-1507-53C1-EF74E515939B}"
EndProject
Project("{FAE04EC0-301F-11D3-BF4B-00C04F79EFBC}") = "Unity.Timeline", "Unity.Timeline.csproj", "{FEB57A76-3C2A-8881-0A5D-CB694950C533}"
EndProject
Project("{FAE04EC0-301F-11D3-BF4B-00C04F79EFBC}") = "Assembly-CSharp", "Assembly-CSharp.csproj", "{481B8342-7B81-E78F-6090-2FEC46EADDFC}"
EndProject
Project("{FAE04EC0-301F-11D3-BF4B-00C04F79EFBC}") = "Unity.2D.SpriteShape.Runtime", "Unity.2D.SpriteShape.Runtime.csproj", "{D30C06FB-6C11-2968-23F3-E405C42388AD}"
EndProject
Project("{FAE04EC0-301F-11D3-BF4B-00C04F79EFBC}") = "Unity.2D.PixelPerfect", "Unity.2D.PixelPerfect.csproj", "{B8668584-0E22-DEF6-C923-71E1104406BC}"
EndProject
Project("{FAE04EC0-301F-11D3-BF4B-00C04F79EFBC}") = "Unity.2D.Common.Runtime", "Unity.2D.Common.Runtime.csproj", "{2EA0AAC7-6C0C-1CFD-5FF7-2D3C22F078C0}"
EndProject
Project("{FAE04EC0-301F-11D3-BF4B-00C04F79EFBC}") = "Unity.2D.IK.Runtime", "Unity.2D.IK.Runtime.csproj", "{D021524B-7EBB-9CA5-D2E9-9614D7C3F7E0}"
EndProject
Project("{FAE04EC0-301F-11D3-BF4B-00C04F79EFBC}") = "Unity.2D.Tilemap.Extras", "Unity.2D.Tilemap.Extras.csproj", "{E7D67230-153E-7680-DAF7-1BDBCDB63EEE}"
EndProject
Project("{FAE04EC0-301F-11D3-BF4B-00C04F79EFBC}") = "Unity.InternalAPIEngineBridge.001", "Unity.InternalAPIEngineBridge.001.csproj", "{F1A3D5A8-685F-7C33-671D-4FCD2470D72D}"
EndProject
Project("{FAE04EC0-301F-11D3-BF4B-00C04F79EFBC}") = "Unity.PlasticSCM.Editor", "Unity.PlasticSCM.Editor.csproj", "{78D081AD-14AD-399C-662A-FC61962F82C1}"
EndProject
Project("{FAE04EC0-301F-11D3-BF4B-00C04F79EFBC}") = "Unity.VisualScripting.Core.Editor", "Unity.VisualScripting.Core.Editor.csproj", "{1F7685E0-6B14-7256-BEB4-A7C7D2209B5E}"
EndProject
Project("{FAE04EC0-301F-11D3-BF4B-00C04F79EFBC}") = "Unity.VisualScripting.Flow.Editor", "Unity.VisualScripting.Flow.Editor.csproj", "{AD4A9450-E21D-2066-9590-64B86F2B192C}"
EndProject
Project("{FAE04EC0-301F-11D3-BF4B-00C04F79EFBC}") = "Unity.VisualStudio.Editor", "Unity.VisualStudio.Editor.csproj", "{848F4612-2379-E1CE-E2FD-C40429E7E8BD}"
EndProject
Project("{FAE04EC0-301F-11D3-BF4B-00C04F79EFBC}") = "Unity.Timeline.Editor", "Unity.Timeline.Editor.csproj", "{0D5E71D7-F9C9-EC28-0C51-57070FDF2E84}"
EndProject
Project("{FAE04EC0-301F-11D3-BF4B-00C04F79EFBC}") = "Unity.VisualScripting.State.Editor", "Unity.VisualScripting.State.Editor.csproj", "{44FE3A18-ABD5-4063-1CBB-C7F6A2519ABD}"
EndProject
Project("{FAE04EC0-301F-11D3-BF4B-00C04F79EFBC}") = "Unity.TextMeshPro.Editor", "Unity.TextMeshPro.Editor.csproj", "{D0BF1C7D-627F-A1E7-81C9-F17FEF29CEC9}"
EndProject
Project("{FAE04EC0-301F-11D3-BF4B-00C04F79EFBC}") = "Unity.2D.Animation.Editor", "Unity.2D.Animation.Editor.csproj", "{B51BAB30-2871-7E04-C22F-304F25821978}"
EndProject
Project("{FAE04EC0-301F-11D3-BF4B-00C04F79EFBC}") = "Unity.VisualScripting.SettingsProvider.Editor", "Unity.VisualScripting.SettingsProvider.Editor.csproj", "{43C3CF04-62B7-6AB4-70FA-6CF6C1403FF7}"
EndProject
Project("{FAE04EC0-301F-11D3-BF4B-00C04F79EFBC}") = "UnityEditor.TestRunner", "UnityEditor.TestRunner.csproj", "{D027FCD9-B991-9880-5A08-15F6D8E84716}"
EndProject
Project("{FAE04EC0-301F-11D3-BF4B-00C04F79EFBC}") = "Unity.2D.Tilemap.Editor", "Unity.2D.Tilemap.Editor.csproj", "{DEC8A6E2-FB32-8340-006E-09D30792C034}"
EndProject
Project("{FAE04EC0-301F-11D3-BF4B-00C04F79EFBC}") = "Unity.Rider.Editor", "Unity.Rider.Editor.csproj", "{DD543CAF-488D-F695-3191-7C684196E5FB}"
EndProject
Project("{FAE04EC0-301F-11D3-BF4B-00C04F79EFBC}") = "Unity.2D.Path.Editor", "Unity.2D.Path.Editor.csproj", "{693515D7-6AC1-A968-643A-B742813C3CE7}"
EndProject
Project("{FAE04EC0-301F-11D3-BF4B-00C04F79EFBC}") = "PsdPlugin", "PsdPlugin.csproj", "{81152C56-E88A-5353-0017-477015294547}"
EndProject
Project("{FAE04EC0-301F-11D3-BF4B-00C04F79EFBC}") = "Unity.2D.IK.Editor", "Unity.2D.IK.Editor.csproj", "{66E1379A-D7D8-6214-E463-5E1608FCF380}"
EndProject
Project("{FAE04EC0-301F-11D3-BF4B-00C04F79EFBC}") = "Unity.2D.Psdimporter.Editor", "Unity.2D.Psdimporter.Editor.csproj", "{4FE7AA51-5FDF-AA68-1E8C-38C7EE352DA4}"
EndProject
Project("{FAE04EC0-301F-11D3-BF4B-00C04F79EFBC}") = "Unity.2D.SpriteShape.Editor", "Unity.2D.SpriteShape.Editor.csproj", "{0D78CA45-D527-1C76-1D33-20A83136D5EA}"
EndProject
Project("{FAE04EC0-301F-11D3-BF4B-00C04F79EFBC}") = "Unity.Burst.CodeGen", "Unity.Burst.CodeGen.csproj", "{DB5D6A46-8604-F67B-51E1-664FDC945779}"
EndProject
Project("{FAE04EC0-301F-11D3-BF4B-00C04F79EFBC}") = "Unity.2D.PixelPerfect.Editor", "Unity.2D.PixelPerfect.Editor.csproj", "{A85CB009-E23C-5F4D-A75E-1D3C7D83F6FE}"
EndProject
Project("{FAE04EC0-301F-11D3-BF4B-00C04F79EFBC}") = "Unity.VSCode.Editor", "Unity.VSCode.Editor.csproj", "{0DC88DE6-ABE5-C433-6D8E-BF0F7DCA9EE3}"
EndProject
Project("{FAE04EC0-301F-11D3-BF4B-00C04F79EFBC}") = "Unity.2D.Sprite.Editor", "Unity.2D.Sprite.Editor.csproj", "{36A11E1D-056A-1148-CF81-EEC03488D97A}"
EndProject
Project("{FAE04EC0-301F-11D3-BF4B-00C04F79EFBC}") = "UnityEditor.UI", "UnityEditor.UI.csproj", "{0FBDF722-7D4F-F1BA-75D6-D9F7F6866D29}"
EndProject
Project("{FAE04EC0-301F-11D3-BF4B-00C04F79EFBC}") = "Unity.2D.Common.Editor", "Unity.2D.Common.Editor.csproj", "{8E0D15D3-F59F-1FAD-48AF-EABC97AE386B}"
EndProject
Project("{FAE04EC0-301F-11D3-BF4B-00C04F79EFBC}") = "Unity.CollabProxy.Editor", "Unity.CollabProxy.Editor.csproj", "{44187F27-D9B5-F1FF-BBFF-49F225F3C810}"
EndProject
Project("{FAE04EC0-301F-11D3-BF4B-00C04F79EFBC}") = "Unity.Mathematics.Editor", "Unity.Mathematics.Editor.csproj", "{984461EF-44C2-C6A5-67A4-9B3D3729D1B4}"
EndProject
Project("{FAE04EC0-301F-11D3-BF4B-00C04F79EFBC}") = "Unity.2D.Tilemap.Extras.Editor", "Unity.2D.Tilemap.Extras.Editor.csproj", "{CD3F5E72-D867-86D3-454F-FD7A346C104F}"
EndProject
Project("{FAE04EC0-301F-11D3-BF4B-00C04F79EFBC}") = "Unity.Burst.Editor", "Unity.Burst.Editor.csproj", "{340AD384-3112-D8EC-4F0D-61B16C406E59}"
EndProject
Project("{FAE04EC0-301F-11D3-BF4B-00C04F79EFBC}") = "Unity.InternalAPIEditorBridge.001", "Unity.InternalAPIEditorBridge.001.csproj", "{9C46583D-B40A-7AC9-7993-E5B2FEA42016}"
EndProject
Project("{FAE04EC0-301F-11D3-BF4B-00C04F79EFBC}") = "Unity.VisualScripting.Shared.Editor", "Unity.VisualScripting.Shared.Editor.csproj", "{AD7B74CB-1376-7174-29C7-2DA6E3D28427}"
EndProject
Project("{FAE04EC0-301F-11D3-BF4B-00C04F79EFBC}") = "UnityEngine.UI", "UnityEngine.UI.Player.csproj", "{5A6E9BD9-B526-E242-9AD1-9A6B341CAE21}"
EndProject
Project("{FAE04EC0-301F-11D3-BF4B-00C04F79EFBC}") = "UnityEngine.TestRunner", "UnityEngine.TestRunner.Player.csproj", "{3967B3AE-03C3-2622-98D1-7486A95392EE}"
EndProject
Project("{FAE04EC0-301F-11D3-BF4B-00C04F79EFBC}") = "Unity.VisualScripting.Flow", "Unity.VisualScripting.Flow.Player.csproj", "{E4864068-9D03-2D53-0BCC-FF0CE3289E08}"
EndProject
Project("{FAE04EC0-301F-11D3-BF4B-00C04F79EFBC}") = "Unity.Mathematics", "Unity.Mathematics.Player.csproj", "{ECDEC8D8-AD0C-64D4-25C7-7F40034D1C6B}"
EndProject
Project("{FAE04EC0-301F-11D3-BF4B-00C04F79EFBC}") = "Unity.VisualScripting.State", "Unity.VisualScripting.State.Player.csproj", "{573262F4-C485-AFFA-7690-EAAC5370361B}"
EndProject
Project("{FAE04EC0-301F-11D3-BF4B-00C04F79EFBC}") = "Unity.VisualScripting.Core", "Unity.VisualScripting.Core.Player.csproj", "{46701668-D3F7-63C9-B2FB-2819AE00E863}"
EndProject
Project("{FAE04EC0-301F-11D3-BF4B-00C04F79EFBC}") = "Unity.Burst", "Unity.Burst.Player.csproj", "{14860D7F-D2A0-E2AA-9B81-C541BFB28378}"
EndProject
Project("{FAE04EC0-301F-11D3-BF4B-00C04F79EFBC}") = "Unity.2D.Animation.Runtime", "Unity.2D.Animation.Runtime.Player.csproj", "{AFB4D5C0-0BC8-7A34-AD12-6D68B9C3E521}"
EndProject
Project("{FAE04EC0-301F-11D3-BF4B-00C04F79EFBC}") = "Unity.TextMeshPro", "Unity.TextMeshPro.Player.csproj", "{4900A6F9-7B5F-37B2-6B68-11E37B1F9691}"
EndProject
Project("{FAE04EC0-301F-11D3-BF4B-00C04F79EFBC}") = "Unity.Timeline", "Unity.Timeline.Player.csproj", "{34304609-FA22-DA07-3FA5-1F1B40648E0E}"
EndProject
Project("{FAE04EC0-301F-11D3-BF4B-00C04F79EFBC}") = "Assembly-CSharp", "Assembly-CSharp.Player.csproj", "{01B8EF8E-7B3D-6405-10D5-7645B74EEB26}"
EndProject
Project("{FAE04EC0-301F-11D3-BF4B-00C04F79EFBC}") = "Unity.2D.SpriteShape.Runtime", "Unity.2D.SpriteShape.Runtime.Player.csproj", "{F1F75606-F04C-2E5E-6FA4-70F946F4FF8D}"
EndProject
Project("{FAE04EC0-301F-11D3-BF4B-00C04F79EFBC}") = "Unity.2D.PixelPerfect", "Unity.2D.PixelPerfect.Player.csproj", "{DDFB5F18-79FA-A3D8-AB3A-EF0EAD86B3AC}"
EndProject
Project("{FAE04EC0-301F-11D3-BF4B-00C04F79EFBC}") = "Unity.2D.Common.Runtime", "Unity.2D.Common.Runtime.Player.csproj", "{F29BB7F9-9732-590B-37C4-3E93DDF7CDF2}"
EndProject
Project("{FAE04EC0-301F-11D3-BF4B-00C04F79EFBC}") = "Unity.2D.IK.Runtime", "Unity.2D.IK.Runtime.Player.csproj", "{0A2E1E83-E0FC-7376-151E-BF0281FE4B47}"
EndProject
Project("{FAE04EC0-301F-11D3-BF4B-00C04F79EFBC}") = "Unity.2D.Tilemap.Extras", "Unity.2D.Tilemap.Extras.Player.csproj", "{8F0D0E40-3249-762B-65C8-BC8F498F8EE1}"
EndProject
Project("{FAE04EC0-301F-11D3-BF4B-00C04F79EFBC}") = "Unity.InternalAPIEngineBridge.001", "Unity.InternalAPIEngineBridge.001.Player.csproj", "{F137EFC2-2AAC-AFCA-12E4-2DBF9C7857A0}"
EndProject
Global
	GlobalSection(SolutionConfigurationPlatforms) = preSolution
		Debug|Any CPU = Debug|Any CPU
		Release|Any CPU = Release|Any CPU
	EndGlobalSection
	GlobalSection(ProjectConfigurationPlatforms) = postSolution
		{509CDCC7-0837-9BBC-9A08-C41EB532CA26}.Debug|Any CPU.ActiveCfg = Debug|Any CPU
		{509CDCC7-0837-9BBC-9A08-C41EB532CA26}.Debug|Any CPU.Build.0 = Debug|Any CPU
		{509CDCC7-0837-9BBC-9A08-C41EB532CA26}.Release|Any CPU.ActiveCfg = Release|Any CPU
		{509CDCC7-0837-9BBC-9A08-C41EB532CA26}.Release|Any CPU.Build.0 = Release|Any CPU
		{F92C887B-2452-F1C9-5C5A-4724E94D68C1}.Debug|Any CPU.ActiveCfg = Debug|Any CPU
		{F92C887B-2452-F1C9-5C5A-4724E94D68C1}.Debug|Any CPU.Build.0 = Debug|Any CPU
		{F92C887B-2452-F1C9-5C5A-4724E94D68C1}.Release|Any CPU.ActiveCfg = Release|Any CPU
		{F92C887B-2452-F1C9-5C5A-4724E94D68C1}.Release|Any CPU.Build.0 = Release|Any CPU
		{9E24A280-CD96-7749-8F44-BE3759D167FB}.Debug|Any CPU.ActiveCfg = Debug|Any CPU
		{9E24A280-CD96-7749-8F44-BE3759D167FB}.Debug|Any CPU.Build.0 = Debug|Any CPU
		{9E24A280-CD96-7749-8F44-BE3759D167FB}.Release|Any CPU.ActiveCfg = Release|Any CPU
		{9E24A280-CD96-7749-8F44-BE3759D167FB}.Release|Any CPU.Build.0 = Release|Any CPU
		{E89A2244-8BD1-3252-B044-E367A8F4F043}.Debug|Any CPU.ActiveCfg = Debug|Any CPU
		{E89A2244-8BD1-3252-B044-E367A8F4F043}.Debug|Any CPU.Build.0 = Debug|Any CPU
		{E89A2244-8BD1-3252-B044-E367A8F4F043}.Release|Any CPU.ActiveCfg = Release|Any CPU
		{E89A2244-8BD1-3252-B044-E367A8F4F043}.Release|Any CPU.Build.0 = Release|Any CPU
		{1800D241-688B-60B6-9D92-1AE8F91A3CE0}.Debug|Any CPU.ActiveCfg = Debug|Any CPU
		{1800D241-688B-60B6-9D92-1AE8F91A3CE0}.Debug|Any CPU.Build.0 = Debug|Any CPU
		{1800D241-688B-60B6-9D92-1AE8F91A3CE0}.Release|Any CPU.ActiveCfg = Release|Any CPU
		{1800D241-688B-60B6-9D92-1AE8F91A3CE0}.Release|Any CPU.Build.0 = Release|Any CPU
		{DF1EB64E-BEED-E7F7-C2C3-484AF142CFC0}.Debug|Any CPU.ActiveCfg = Debug|Any CPU
		{DF1EB64E-BEED-E7F7-C2C3-484AF142CFC0}.Debug|Any CPU.Build.0 = Debug|Any CPU
		{DF1EB64E-BEED-E7F7-C2C3-484AF142CFC0}.Release|Any CPU.ActiveCfg = Release|Any CPU
		{DF1EB64E-BEED-E7F7-C2C3-484AF142CFC0}.Release|Any CPU.Build.0 = Release|Any CPU
		{3097AB18-6205-D15C-E3FF-C3EB4FEF2A29}.Debug|Any CPU.ActiveCfg = Debug|Any CPU
		{3097AB18-6205-D15C-E3FF-C3EB4FEF2A29}.Debug|Any CPU.Build.0 = Debug|Any CPU
		{3097AB18-6205-D15C-E3FF-C3EB4FEF2A29}.Release|Any CPU.ActiveCfg = Release|Any CPU
		{3097AB18-6205-D15C-E3FF-C3EB4FEF2A29}.Release|Any CPU.Build.0 = Release|Any CPU
		{9CF6A43E-0207-7786-5C59-13C3E3DFBA3E}.Debug|Any CPU.ActiveCfg = Debug|Any CPU
		{9CF6A43E-0207-7786-5C59-13C3E3DFBA3E}.Debug|Any CPU.Build.0 = Debug|Any CPU
		{9CF6A43E-0207-7786-5C59-13C3E3DFBA3E}.Release|Any CPU.ActiveCfg = Release|Any CPU
		{9CF6A43E-0207-7786-5C59-13C3E3DFBA3E}.Release|Any CPU.Build.0 = Release|Any CPU
		{B7AF27A0-7F5C-1507-53C1-EF74E515939B}.Debug|Any CPU.ActiveCfg = Debug|Any CPU
		{B7AF27A0-7F5C-1507-53C1-EF74E515939B}.Debug|Any CPU.Build.0 = Debug|Any CPU
		{B7AF27A0-7F5C-1507-53C1-EF74E515939B}.Release|Any CPU.ActiveCfg = Release|Any CPU
		{B7AF27A0-7F5C-1507-53C1-EF74E515939B}.Release|Any CPU.Build.0 = Release|Any CPU
		{FEB57A76-3C2A-8881-0A5D-CB694950C533}.Debug|Any CPU.ActiveCfg = Debug|Any CPU
		{FEB57A76-3C2A-8881-0A5D-CB694950C533}.Debug|Any CPU.Build.0 = Debug|Any CPU
		{FEB57A76-3C2A-8881-0A5D-CB694950C533}.Release|Any CPU.ActiveCfg = Release|Any CPU
		{FEB57A76-3C2A-8881-0A5D-CB694950C533}.Release|Any CPU.Build.0 = Release|Any CPU
		{481B8342-7B81-E78F-6090-2FEC46EADDFC}.Debug|Any CPU.ActiveCfg = Debug|Any CPU
		{481B8342-7B81-E78F-6090-2FEC46EADDFC}.Debug|Any CPU.Build.0 = Debug|Any CPU
		{481B8342-7B81-E78F-6090-2FEC46EADDFC}.Release|Any CPU.ActiveCfg = Release|Any CPU
		{481B8342-7B81-E78F-6090-2FEC46EADDFC}.Release|Any CPU.Build.0 = Release|Any CPU
		{D30C06FB-6C11-2968-23F3-E405C42388AD}.Debug|Any CPU.ActiveCfg = Debug|Any CPU
		{D30C06FB-6C11-2968-23F3-E405C42388AD}.Debug|Any CPU.Build.0 = Debug|Any CPU
		{D30C06FB-6C11-2968-23F3-E405C42388AD}.Release|Any CPU.ActiveCfg = Release|Any CPU
		{D30C06FB-6C11-2968-23F3-E405C42388AD}.Release|Any CPU.Build.0 = Release|Any CPU
		{B8668584-0E22-DEF6-C923-71E1104406BC}.Debug|Any CPU.ActiveCfg = Debug|Any CPU
		{B8668584-0E22-DEF6-C923-71E1104406BC}.Debug|Any CPU.Build.0 = Debug|Any CPU
		{B8668584-0E22-DEF6-C923-71E1104406BC}.Release|Any CPU.ActiveCfg = Release|Any CPU
		{B8668584-0E22-DEF6-C923-71E1104406BC}.Release|Any CPU.Build.0 = Release|Any CPU
		{2EA0AAC7-6C0C-1CFD-5FF7-2D3C22F078C0}.Debug|Any CPU.ActiveCfg = Debug|Any CPU
		{2EA0AAC7-6C0C-1CFD-5FF7-2D3C22F078C0}.Debug|Any CPU.Build.0 = Debug|Any CPU
		{2EA0AAC7-6C0C-1CFD-5FF7-2D3C22F078C0}.Release|Any CPU.ActiveCfg = Release|Any CPU
		{2EA0AAC7-6C0C-1CFD-5FF7-2D3C22F078C0}.Release|Any CPU.Build.0 = Release|Any CPU
		{D021524B-7EBB-9CA5-D2E9-9614D7C3F7E0}.Debug|Any CPU.ActiveCfg = Debug|Any CPU
		{D021524B-7EBB-9CA5-D2E9-9614D7C3F7E0}.Debug|Any CPU.Build.0 = Debug|Any CPU
		{D021524B-7EBB-9CA5-D2E9-9614D7C3F7E0}.Release|Any CPU.ActiveCfg = Release|Any CPU
		{D021524B-7EBB-9CA5-D2E9-9614D7C3F7E0}.Release|Any CPU.Build.0 = Release|Any CPU
		{E7D67230-153E-7680-DAF7-1BDBCDB63EEE}.Debug|Any CPU.ActiveCfg = Debug|Any CPU
		{E7D67230-153E-7680-DAF7-1BDBCDB63EEE}.Debug|Any CPU.Build.0 = Debug|Any CPU
		{E7D67230-153E-7680-DAF7-1BDBCDB63EEE}.Release|Any CPU.ActiveCfg = Release|Any CPU
		{E7D67230-153E-7680-DAF7-1BDBCDB63EEE}.Release|Any CPU.Build.0 = Release|Any CPU
		{F1A3D5A8-685F-7C33-671D-4FCD2470D72D}.Debug|Any CPU.ActiveCfg = Debug|Any CPU
		{F1A3D5A8-685F-7C33-671D-4FCD2470D72D}.Debug|Any CPU.Build.0 = Debug|Any CPU
		{F1A3D5A8-685F-7C33-671D-4FCD2470D72D}.Release|Any CPU.ActiveCfg = Release|Any CPU
		{F1A3D5A8-685F-7C33-671D-4FCD2470D72D}.Release|Any CPU.Build.0 = Release|Any CPU
		{78D081AD-14AD-399C-662A-FC61962F82C1}.Debug|Any CPU.ActiveCfg = Debug|Any CPU
		{78D081AD-14AD-399C-662A-FC61962F82C1}.Debug|Any CPU.Build.0 = Debug|Any CPU
		{78D081AD-14AD-399C-662A-FC61962F82C1}.Release|Any CPU.ActiveCfg = Release|Any CPU
		{78D081AD-14AD-399C-662A-FC61962F82C1}.Release|Any CPU.Build.0 = Release|Any CPU
		{1F7685E0-6B14-7256-BEB4-A7C7D2209B5E}.Debug|Any CPU.ActiveCfg = Debug|Any CPU
		{1F7685E0-6B14-7256-BEB4-A7C7D2209B5E}.Debug|Any CPU.Build.0 = Debug|Any CPU
		{1F7685E0-6B14-7256-BEB4-A7C7D2209B5E}.Release|Any CPU.ActiveCfg = Release|Any CPU
		{1F7685E0-6B14-7256-BEB4-A7C7D2209B5E}.Release|Any CPU.Build.0 = Release|Any CPU
		{AD4A9450-E21D-2066-9590-64B86F2B192C}.Debug|Any CPU.ActiveCfg = Debug|Any CPU
		{AD4A9450-E21D-2066-9590-64B86F2B192C}.Debug|Any CPU.Build.0 = Debug|Any CPU
		{AD4A9450-E21D-2066-9590-64B86F2B192C}.Release|Any CPU.ActiveCfg = Release|Any CPU
		{AD4A9450-E21D-2066-9590-64B86F2B192C}.Release|Any CPU.Build.0 = Release|Any CPU
		{848F4612-2379-E1CE-E2FD-C40429E7E8BD}.Debug|Any CPU.ActiveCfg = Debug|Any CPU
		{848F4612-2379-E1CE-E2FD-C40429E7E8BD}.Debug|Any CPU.Build.0 = Debug|Any CPU
		{848F4612-2379-E1CE-E2FD-C40429E7E8BD}.Release|Any CPU.ActiveCfg = Release|Any CPU
		{848F4612-2379-E1CE-E2FD-C40429E7E8BD}.Release|Any CPU.Build.0 = Release|Any CPU
		{0D5E71D7-F9C9-EC28-0C51-57070FDF2E84}.Debug|Any CPU.ActiveCfg = Debug|Any CPU
		{0D5E71D7-F9C9-EC28-0C51-57070FDF2E84}.Debug|Any CPU.Build.0 = Debug|Any CPU
		{0D5E71D7-F9C9-EC28-0C51-57070FDF2E84}.Release|Any CPU.ActiveCfg = Release|Any CPU
		{0D5E71D7-F9C9-EC28-0C51-57070FDF2E84}.Release|Any CPU.Build.0 = Release|Any CPU
		{44FE3A18-ABD5-4063-1CBB-C7F6A2519ABD}.Debug|Any CPU.ActiveCfg = Debug|Any CPU
		{44FE3A18-ABD5-4063-1CBB-C7F6A2519ABD}.Debug|Any CPU.Build.0 = Debug|Any CPU
		{44FE3A18-ABD5-4063-1CBB-C7F6A2519ABD}.Release|Any CPU.ActiveCfg = Release|Any CPU
		{44FE3A18-ABD5-4063-1CBB-C7F6A2519ABD}.Release|Any CPU.Build.0 = Release|Any CPU
		{D0BF1C7D-627F-A1E7-81C9-F17FEF29CEC9}.Debug|Any CPU.ActiveCfg = Debug|Any CPU
		{D0BF1C7D-627F-A1E7-81C9-F17FEF29CEC9}.Debug|Any CPU.Build.0 = Debug|Any CPU
		{D0BF1C7D-627F-A1E7-81C9-F17FEF29CEC9}.Release|Any CPU.ActiveCfg = Release|Any CPU
		{D0BF1C7D-627F-A1E7-81C9-F17FEF29CEC9}.Release|Any CPU.Build.0 = Release|Any CPU
		{B51BAB30-2871-7E04-C22F-304F25821978}.Debug|Any CPU.ActiveCfg = Debug|Any CPU
		{B51BAB30-2871-7E04-C22F-304F25821978}.Debug|Any CPU.Build.0 = Debug|Any CPU
		{B51BAB30-2871-7E04-C22F-304F25821978}.Release|Any CPU.ActiveCfg = Release|Any CPU
		{B51BAB30-2871-7E04-C22F-304F25821978}.Release|Any CPU.Build.0 = Release|Any CPU
		{43C3CF04-62B7-6AB4-70FA-6CF6C1403FF7}.Debug|Any CPU.ActiveCfg = Debug|Any CPU
		{43C3CF04-62B7-6AB4-70FA-6CF6C1403FF7}.Debug|Any CPU.Build.0 = Debug|Any CPU
		{43C3CF04-62B7-6AB4-70FA-6CF6C1403FF7}.Release|Any CPU.ActiveCfg = Release|Any CPU
		{43C3CF04-62B7-6AB4-70FA-6CF6C1403FF7}.Release|Any CPU.Build.0 = Release|Any CPU
		{D027FCD9-B991-9880-5A08-15F6D8E84716}.Debug|Any CPU.ActiveCfg = Debug|Any CPU
		{D027FCD9-B991-9880-5A08-15F6D8E84716}.Debug|Any CPU.Build.0 = Debug|Any CPU
		{D027FCD9-B991-9880-5A08-15F6D8E84716}.Release|Any CPU.ActiveCfg = Release|Any CPU
		{D027FCD9-B991-9880-5A08-15F6D8E84716}.Release|Any CPU.Build.0 = Release|Any CPU
		{DEC8A6E2-FB32-8340-006E-09D30792C034}.Debug|Any CPU.ActiveCfg = Debug|Any CPU
		{DEC8A6E2-FB32-8340-006E-09D30792C034}.Debug|Any CPU.Build.0 = Debug|Any CPU
		{DEC8A6E2-FB32-8340-006E-09D30792C034}.Release|Any CPU.ActiveCfg = Release|Any CPU
		{DEC8A6E2-FB32-8340-006E-09D30792C034}.Release|Any CPU.Build.0 = Release|Any CPU
		{DD543CAF-488D-F695-3191-7C684196E5FB}.Debug|Any CPU.ActiveCfg = Debug|Any CPU
		{DD543CAF-488D-F695-3191-7C684196E5FB}.Debug|Any CPU.Build.0 = Debug|Any CPU
		{DD543CAF-488D-F695-3191-7C684196E5FB}.Release|Any CPU.ActiveCfg = Release|Any CPU
		{DD543CAF-488D-F695-3191-7C684196E5FB}.Release|Any CPU.Build.0 = Release|Any CPU
		{693515D7-6AC1-A968-643A-B742813C3CE7}.Debug|Any CPU.ActiveCfg = Debug|Any CPU
		{693515D7-6AC1-A968-643A-B742813C3CE7}.Debug|Any CPU.Build.0 = Debug|Any CPU
		{693515D7-6AC1-A968-643A-B742813C3CE7}.Release|Any CPU.ActiveCfg = Release|Any CPU
		{693515D7-6AC1-A968-643A-B742813C3CE7}.Release|Any CPU.Build.0 = Release|Any CPU
		{81152C56-E88A-5353-0017-477015294547}.Debug|Any CPU.ActiveCfg = Debug|Any CPU
		{81152C56-E88A-5353-0017-477015294547}.Debug|Any CPU.Build.0 = Debug|Any CPU
		{81152C56-E88A-5353-0017-477015294547}.Release|Any CPU.ActiveCfg = Release|Any CPU
		{81152C56-E88A-5353-0017-477015294547}.Release|Any CPU.Build.0 = Release|Any CPU
		{66E1379A-D7D8-6214-E463-5E1608FCF380}.Debug|Any CPU.ActiveCfg = Debug|Any CPU
		{66E1379A-D7D8-6214-E463-5E1608FCF380}.Debug|Any CPU.Build.0 = Debug|Any CPU
		{66E1379A-D7D8-6214-E463-5E1608FCF380}.Release|Any CPU.ActiveCfg = Release|Any CPU
		{66E1379A-D7D8-6214-E463-5E1608FCF380}.Release|Any CPU.Build.0 = Release|Any CPU
		{4FE7AA51-5FDF-AA68-1E8C-38C7EE352DA4}.Debug|Any CPU.ActiveCfg = Debug|Any CPU
		{4FE7AA51-5FDF-AA68-1E8C-38C7EE352DA4}.Debug|Any CPU.Build.0 = Debug|Any CPU
		{4FE7AA51-5FDF-AA68-1E8C-38C7EE352DA4}.Release|Any CPU.ActiveCfg = Release|Any CPU
		{4FE7AA51-5FDF-AA68-1E8C-38C7EE352DA4}.Release|Any CPU.Build.0 = Release|Any CPU
		{0D78CA45-D527-1C76-1D33-20A83136D5EA}.Debug|Any CPU.ActiveCfg = Debug|Any CPU
		{0D78CA45-D527-1C76-1D33-20A83136D5EA}.Debug|Any CPU.Build.0 = Debug|Any CPU
		{0D78CA45-D527-1C76-1D33-20A83136D5EA}.Release|Any CPU.ActiveCfg = Release|Any CPU
		{0D78CA45-D527-1C76-1D33-20A83136D5EA}.Release|Any CPU.Build.0 = Release|Any CPU
		{DB5D6A46-8604-F67B-51E1-664FDC945779}.Debug|Any CPU.ActiveCfg = Debug|Any CPU
		{DB5D6A46-8604-F67B-51E1-664FDC945779}.Debug|Any CPU.Build.0 = Debug|Any CPU
		{DB5D6A46-8604-F67B-51E1-664FDC945779}.Release|Any CPU.ActiveCfg = Release|Any CPU
		{DB5D6A46-8604-F67B-51E1-664FDC945779}.Release|Any CPU.Build.0 = Release|Any CPU
		{A85CB009-E23C-5F4D-A75E-1D3C7D83F6FE}.Debug|Any CPU.ActiveCfg = Debug|Any CPU
		{A85CB009-E23C-5F4D-A75E-1D3C7D83F6FE}.Debug|Any CPU.Build.0 = Debug|Any CPU
		{A85CB009-E23C-5F4D-A75E-1D3C7D83F6FE}.Release|Any CPU.ActiveCfg = Release|Any CPU
		{A85CB009-E23C-5F4D-A75E-1D3C7D83F6FE}.Release|Any CPU.Build.0 = Release|Any CPU
		{0DC88DE6-ABE5-C433-6D8E-BF0F7DCA9EE3}.Debug|Any CPU.ActiveCfg = Debug|Any CPU
		{0DC88DE6-ABE5-C433-6D8E-BF0F7DCA9EE3}.Debug|Any CPU.Build.0 = Debug|Any CPU
		{0DC88DE6-ABE5-C433-6D8E-BF0F7DCA9EE3}.Release|Any CPU.ActiveCfg = Release|Any CPU
		{0DC88DE6-ABE5-C433-6D8E-BF0F7DCA9EE3}.Release|Any CPU.Build.0 = Release|Any CPU
		{36A11E1D-056A-1148-CF81-EEC03488D97A}.Debug|Any CPU.ActiveCfg = Debug|Any CPU
		{36A11E1D-056A-1148-CF81-EEC03488D97A}.Debug|Any CPU.Build.0 = Debug|Any CPU
		{36A11E1D-056A-1148-CF81-EEC03488D97A}.Release|Any CPU.ActiveCfg = Release|Any CPU
		{36A11E1D-056A-1148-CF81-EEC03488D97A}.Release|Any CPU.Build.0 = Release|Any CPU
		{0FBDF722-7D4F-F1BA-75D6-D9F7F6866D29}.Debug|Any CPU.ActiveCfg = Debug|Any CPU
		{0FBDF722-7D4F-F1BA-75D6-D9F7F6866D29}.Debug|Any CPU.Build.0 = Debug|Any CPU
		{0FBDF722-7D4F-F1BA-75D6-D9F7F6866D29}.Release|Any CPU.ActiveCfg = Release|Any CPU
		{0FBDF722-7D4F-F1BA-75D6-D9F7F6866D29}.Release|Any CPU.Build.0 = Release|Any CPU
		{8E0D15D3-F59F-1FAD-48AF-EABC97AE386B}.Debug|Any CPU.ActiveCfg = Debug|Any CPU
		{8E0D15D3-F59F-1FAD-48AF-EABC97AE386B}.Debug|Any CPU.Build.0 = Debug|Any CPU
		{8E0D15D3-F59F-1FAD-48AF-EABC97AE386B}.Release|Any CPU.ActiveCfg = Release|Any CPU
		{8E0D15D3-F59F-1FAD-48AF-EABC97AE386B}.Release|Any CPU.Build.0 = Release|Any CPU
		{44187F27-D9B5-F1FF-BBFF-49F225F3C810}.Debug|Any CPU.ActiveCfg = Debug|Any CPU
		{44187F27-D9B5-F1FF-BBFF-49F225F3C810}.Debug|Any CPU.Build.0 = Debug|Any CPU
		{44187F27-D9B5-F1FF-BBFF-49F225F3C810}.Release|Any CPU.ActiveCfg = Release|Any CPU
		{44187F27-D9B5-F1FF-BBFF-49F225F3C810}.Release|Any CPU.Build.0 = Release|Any CPU
		{984461EF-44C2-C6A5-67A4-9B3D3729D1B4}.Debug|Any CPU.ActiveCfg = Debug|Any CPU
		{984461EF-44C2-C6A5-67A4-9B3D3729D1B4}.Debug|Any CPU.Build.0 = Debug|Any CPU
		{984461EF-44C2-C6A5-67A4-9B3D3729D1B4}.Release|Any CPU.ActiveCfg = Release|Any CPU
		{984461EF-44C2-C6A5-67A4-9B3D3729D1B4}.Release|Any CPU.Build.0 = Release|Any CPU
		{CD3F5E72-D867-86D3-454F-FD7A346C104F}.Debug|Any CPU.ActiveCfg = Debug|Any CPU
		{CD3F5E72-D867-86D3-454F-FD7A346C104F}.Debug|Any CPU.Build.0 = Debug|Any CPU
		{CD3F5E72-D867-86D3-454F-FD7A346C104F}.Release|Any CPU.ActiveCfg = Release|Any CPU
		{CD3F5E72-D867-86D3-454F-FD7A346C104F}.Release|Any CPU.Build.0 = Release|Any CPU
		{340AD384-3112-D8EC-4F0D-61B16C406E59}.Debug|Any CPU.ActiveCfg = Debug|Any CPU
		{340AD384-3112-D8EC-4F0D-61B16C406E59}.Debug|Any CPU.Build.0 = Debug|Any CPU
		{340AD384-3112-D8EC-4F0D-61B16C406E59}.Release|Any CPU.ActiveCfg = Release|Any CPU
		{340AD384-3112-D8EC-4F0D-61B16C406E59}.Release|Any CPU.Build.0 = Release|Any CPU
		{9C46583D-B40A-7AC9-7993-E5B2FEA42016}.Debug|Any CPU.ActiveCfg = Debug|Any CPU
		{9C46583D-B40A-7AC9-7993-E5B2FEA42016}.Debug|Any CPU.Build.0 = Debug|Any CPU
		{9C46583D-B40A-7AC9-7993-E5B2FEA42016}.Release|Any CPU.ActiveCfg = Release|Any CPU
		{9C46583D-B40A-7AC9-7993-E5B2FEA42016}.Release|Any CPU.Build.0 = Release|Any CPU
		{AD7B74CB-1376-7174-29C7-2DA6E3D28427}.Debug|Any CPU.ActiveCfg = Debug|Any CPU
		{AD7B74CB-1376-7174-29C7-2DA6E3D28427}.Debug|Any CPU.Build.0 = Debug|Any CPU
		{AD7B74CB-1376-7174-29C7-2DA6E3D28427}.Release|Any CPU.ActiveCfg = Release|Any CPU
		{AD7B74CB-1376-7174-29C7-2DA6E3D28427}.Release|Any CPU.Build.0 = Release|Any CPU
		{5A6E9BD9-B526-E242-9AD1-9A6B341CAE21}.Debug|Any CPU.ActiveCfg = Debug|Any CPU
		{5A6E9BD9-B526-E242-9AD1-9A6B341CAE21}.Debug|Any CPU.Build.0 = Debug|Any CPU
		{5A6E9BD9-B526-E242-9AD1-9A6B341CAE21}.Release|Any CPU.ActiveCfg = Release|Any CPU
		{5A6E9BD9-B526-E242-9AD1-9A6B341CAE21}.Release|Any CPU.Build.0 = Release|Any CPU
		{3967B3AE-03C3-2622-98D1-7486A95392EE}.Debug|Any CPU.ActiveCfg = Debug|Any CPU
		{3967B3AE-03C3-2622-98D1-7486A95392EE}.Debug|Any CPU.Build.0 = Debug|Any CPU
		{3967B3AE-03C3-2622-98D1-7486A95392EE}.Release|Any CPU.ActiveCfg = Release|Any CPU
		{3967B3AE-03C3-2622-98D1-7486A95392EE}.Release|Any CPU.Build.0 = Release|Any CPU
		{E4864068-9D03-2D53-0BCC-FF0CE3289E08}.Debug|Any CPU.ActiveCfg = Debug|Any CPU
		{E4864068-9D03-2D53-0BCC-FF0CE3289E08}.Debug|Any CPU.Build.0 = Debug|Any CPU
		{E4864068-9D03-2D53-0BCC-FF0CE3289E08}.Release|Any CPU.ActiveCfg = Release|Any CPU
		{E4864068-9D03-2D53-0BCC-FF0CE3289E08}.Release|Any CPU.Build.0 = Release|Any CPU
		{ECDEC8D8-AD0C-64D4-25C7-7F40034D1C6B}.Debug|Any CPU.ActiveCfg = Debug|Any CPU
		{ECDEC8D8-AD0C-64D4-25C7-7F40034D1C6B}.Debug|Any CPU.Build.0 = Debug|Any CPU
		{ECDEC8D8-AD0C-64D4-25C7-7F40034D1C6B}.Release|Any CPU.ActiveCfg = Release|Any CPU
		{ECDEC8D8-AD0C-64D4-25C7-7F40034D1C6B}.Release|Any CPU.Build.0 = Release|Any CPU
		{573262F4-C485-AFFA-7690-EAAC5370361B}.Debug|Any CPU.ActiveCfg = Debug|Any CPU
		{573262F4-C485-AFFA-7690-EAAC5370361B}.Debug|Any CPU.Build.0 = Debug|Any CPU
		{573262F4-C485-AFFA-7690-EAAC5370361B}.Release|Any CPU.ActiveCfg = Release|Any CPU
		{573262F4-C485-AFFA-7690-EAAC5370361B}.Release|Any CPU.Build.0 = Release|Any CPU
		{46701668-D3F7-63C9-B2FB-2819AE00E863}.Debug|Any CPU.ActiveCfg = Debug|Any CPU
		{46701668-D3F7-63C9-B2FB-2819AE00E863}.Debug|Any CPU.Build.0 = Debug|Any CPU
		{46701668-D3F7-63C9-B2FB-2819AE00E863}.Release|Any CPU.ActiveCfg = Release|Any CPU
		{46701668-D3F7-63C9-B2FB-2819AE00E863}.Release|Any CPU.Build.0 = Release|Any CPU
		{14860D7F-D2A0-E2AA-9B81-C541BFB28378}.Debug|Any CPU.ActiveCfg = Debug|Any CPU
		{14860D7F-D2A0-E2AA-9B81-C541BFB28378}.Debug|Any CPU.Build.0 = Debug|Any CPU
		{14860D7F-D2A0-E2AA-9B81-C541BFB28378}.Release|Any CPU.ActiveCfg = Release|Any CPU
		{14860D7F-D2A0-E2AA-9B81-C541BFB28378}.Release|Any CPU.Build.0 = Release|Any CPU
		{AFB4D5C0-0BC8-7A34-AD12-6D68B9C3E521}.Debug|Any CPU.ActiveCfg = Debug|Any CPU
		{AFB4D5C0-0BC8-7A34-AD12-6D68B9C3E521}.Debug|Any CPU.Build.0 = Debug|Any CPU
		{AFB4D5C0-0BC8-7A34-AD12-6D68B9C3E521}.Release|Any CPU.ActiveCfg = Release|Any CPU
		{AFB4D5C0-0BC8-7A34-AD12-6D68B9C3E521}.Release|Any CPU.Build.0 = Release|Any CPU
		{4900A6F9-7B5F-37B2-6B68-11E37B1F9691}.Debug|Any CPU.ActiveCfg = Debug|Any CPU
		{4900A6F9-7B5F-37B2-6B68-11E37B1F9691}.Debug|Any CPU.Build.0 = Debug|Any CPU
		{4900A6F9-7B5F-37B2-6B68-11E37B1F9691}.Release|Any CPU.ActiveCfg = Release|Any CPU
		{4900A6F9-7B5F-37B2-6B68-11E37B1F9691}.Release|Any CPU.Build.0 = Release|Any CPU
		{34304609-FA22-DA07-3FA5-1F1B40648E0E}.Debug|Any CPU.ActiveCfg = Debug|Any CPU
		{34304609-FA22-DA07-3FA5-1F1B40648E0E}.Debug|Any CPU.Build.0 = Debug|Any CPU
		{34304609-FA22-DA07-3FA5-1F1B40648E0E}.Release|Any CPU.ActiveCfg = Release|Any CPU
		{34304609-FA22-DA07-3FA5-1F1B40648E0E}.Release|Any CPU.Build.0 = Release|Any CPU
		{01B8EF8E-7B3D-6405-10D5-7645B74EEB26}.Debug|Any CPU.ActiveCfg = Debug|Any CPU
		{01B8EF8E-7B3D-6405-10D5-7645B74EEB26}.Debug|Any CPU.Build.0 = Debug|Any CPU
		{01B8EF8E-7B3D-6405-10D5-7645B74EEB26}.Release|Any CPU.ActiveCfg = Release|Any CPU
		{01B8EF8E-7B3D-6405-10D5-7645B74EEB26}.Release|Any CPU.Build.0 = Release|Any CPU
		{F1F75606-F04C-2E5E-6FA4-70F946F4FF8D}.Debug|Any CPU.ActiveCfg = Debug|Any CPU
		{F1F75606-F04C-2E5E-6FA4-70F946F4FF8D}.Debug|Any CPU.Build.0 = Debug|Any CPU
		{F1F75606-F04C-2E5E-6FA4-70F946F4FF8D}.Release|Any CPU.ActiveCfg = Release|Any CPU
		{F1F75606-F04C-2E5E-6FA4-70F946F4FF8D}.Release|Any CPU.Build.0 = Release|Any CPU
		{DDFB5F18-79FA-A3D8-AB3A-EF0EAD86B3AC}.Debug|Any CPU.ActiveCfg = Debug|Any CPU
		{DDFB5F18-79FA-A3D8-AB3A-EF0EAD86B3AC}.Debug|Any CPU.Build.0 = Debug|Any CPU
		{DDFB5F18-79FA-A3D8-AB3A-EF0EAD86B3AC}.Release|Any CPU.ActiveCfg = Release|Any CPU
		{DDFB5F18-79FA-A3D8-AB3A-EF0EAD86B3AC}.Release|Any CPU.Build.0 = Release|Any CPU
		{F29BB7F9-9732-590B-37C4-3E93DDF7CDF2}.Debug|Any CPU.ActiveCfg = Debug|Any CPU
		{F29BB7F9-9732-590B-37C4-3E93DDF7CDF2}.Debug|Any CPU.Build.0 = Debug|Any CPU
		{F29BB7F9-9732-590B-37C4-3E93DDF7CDF2}.Release|Any CPU.ActiveCfg = Release|Any CPU
		{F29BB7F9-9732-590B-37C4-3E93DDF7CDF2}.Release|Any CPU.Build.0 = Release|Any CPU
		{0A2E1E83-E0FC-7376-151E-BF0281FE4B47}.Debug|Any CPU.ActiveCfg = Debug|Any CPU
		{0A2E1E83-E0FC-7376-151E-BF0281FE4B47}.Debug|Any CPU.Build.0 = Debug|Any CPU
		{0A2E1E83-E0FC-7376-151E-BF0281FE4B47}.Release|Any CPU.ActiveCfg = Release|Any CPU
		{0A2E1E83-E0FC-7376-151E-BF0281FE4B47}.Release|Any CPU.Build.0 = Release|Any CPU
		{8F0D0E40-3249-762B-65C8-BC8F498F8EE1}.Debug|Any CPU.ActiveCfg = Debug|Any CPU
		{8F0D0E40-3249-762B-65C8-BC8F498F8EE1}.Debug|Any CPU.Build.0 = Debug|Any CPU
		{8F0D0E40-3249-762B-65C8-BC8F498F8EE1}.Release|Any CPU.ActiveCfg = Release|Any CPU
		{8F0D0E40-3249-762B-65C8-BC8F498F8EE1}.Release|Any CPU.Build.0 = Release|Any CPU
		{F137EFC2-2AAC-AFCA-12E4-2DBF9C7857A0}.Debug|Any CPU.ActiveCfg = Debug|Any CPU
		{F137EFC2-2AAC-AFCA-12E4-2DBF9C7857A0}.Debug|Any CPU.Build.0 = Debug|Any CPU
		{F137EFC2-2AAC-AFCA-12E4-2DBF9C7857A0}.Release|Any CPU.ActiveCfg = Release|Any CPU
		{F137EFC2-2AAC-AFCA-12E4-2DBF9C7857A0}.Release|Any CPU.Build.0 = Release|Any CPU
	EndGlobalSection
	GlobalSection(SolutionProperties) = preSolution
		HideSolutionNode = FALSE
	EndGlobalSection
EndGlobal
